
Microsoft Visual Studio Solution File, Format Version 12.00
# Visual Studio Version 17
VisualStudioVersion = 17.0.32014.148
MinimumVisualStudioVersion = 10.0.40219.1
Project("{2150E333-8FDC-42A3-9474-1A3956D46DE8}") = "src", "src", "{96F22E21-1AE7-4189-BBCC-C9E1B25E3BE9}"
EndProject
Project("{2150E333-8FDC-42A3-9474-1A3956D46DE8}") = "framework", "framework", "{D838FB5A-982D-49F1-8CE0-3A1C49C5BF99}"
EndProject
Project("{2150E333-8FDC-42A3-9474-1A3956D46DE8}") = "test", "test", "{8BA7DC21-479F-4AA9-AB83-9D865C77F0C1}"
EndProject
Project("{2150E333-8FDC-42A3-9474-1A3956D46DE8}") = "client", "client", "{1DC9C5B1-B32F-45BE-8CB8-E76BEA3253E3}"
EndProject
Project("{2150E333-8FDC-42A3-9474-1A3956D46DE8}") = "module", "module", "{BAFEFD43-8009-49AD-812E-6750DED4CE59}"
EndProject
Project("{2150E333-8FDC-42A3-9474-1A3956D46DE8}") = "toolkit", "toolkit", "{94E54389-C585-4526-BE85-0FC56C760FD5}"
EndProject
Project("{2150E333-8FDC-42A3-9474-1A3956D46DE8}") = "core", "core", "{9A884E7C-26A4-4AC6-9865-2AE361E28C31}"
EndProject
Project("{2150E333-8FDC-42A3-9474-1A3956D46DE8}") = "miniapp", "miniapp", "{7906FAC8-85E5-40E4-BCA3-E782A8070F3D}"
EndProject
Project("{2150E333-8FDC-42A3-9474-1A3956D46DE8}") = "admin", "admin", "{8CC66015-D7EC-4DB3-9B5E-5D8A94057EBC}"
EndProject
Project("{9A19103F-16F7-4668-BE54-9A1E7A4F7556}") = "GodOx.Admin.Hosting", "src\client\GodOx.Admin.Hosting\GodOx.Admin.Hosting.csproj", "{2C11C2B4-EB7E-4BB7-8A5B-3AAA5C2963B9}"
EndProject
Project("{9A19103F-16F7-4668-BE54-9A1E7A4F7556}") = "GodOx.MnApp.Hosting", "src\client\GodOx.MnApp.Hosting\GodOx.MnApp.Hosting.csproj", "{230B7462-CBBB-4157-B3B8-027529FE2F3D}"
EndProject
Project("{9A19103F-16F7-4668-BE54-9A1E7A4F7556}") = "GodOx.Mvc.Admin", "src\client\GodOx.Mvc.Admin\GodOx.Mvc.Admin.csproj", "{E0572FB9-EF6A-4300-8935-8537E22EADB1}"
EndProject
Project("{9A19103F-16F7-4668-BE54-9A1E7A4F7556}") = "GodOx.ModuleCore", "src\framework\core\GodOx.ModuleCore\GodOx.ModuleCore.csproj", "{35381C91-40DF-478F-851D-97060B9E2F63}"
EndProject
Project("{9A19103F-16F7-4668-BE54-9A1E7A4F7556}") = "GodOx.Share.Caches", "src\framework\toolkit\GodOx.Share.Caches\GodOx.Share.Caches.csproj", "{83DACF2F-BC6A-40C1-A94D-745973B7318F}"
EndProject
Project("{9A19103F-16F7-4668-BE54-9A1E7A4F7556}") = "GodOx.Share.FileManage", "src\framework\toolkit\GodOx.Share.FileManage\GodOx.Share.FileManage.csproj", "{8A659442-C7B6-46DC-BC86-2EFDF6E71DF1}"
EndProject
Project("{9A19103F-16F7-4668-BE54-9A1E7A4F7556}") = "GodOx.Share.MsgQueue", "src\framework\toolkit\GodOx.Share.RabbitMq\GodOx.Share.MsgQueue.csproj", "{DCE452C3-7E80-4709-A6B1-A793F2D04272}"
EndProject
Project("{9A19103F-16F7-4668-BE54-9A1E7A4F7556}") = "GodOx.Share.Swagger", "src\framework\toolkit\GodOx.Share.Swagger\GodOx.Share.Swagger.csproj", "{EFD48D5F-41E6-49B5-90A9-2C589458B9E5}"
EndProject
Project("{9A19103F-16F7-4668-BE54-9A1E7A4F7556}") = "GodOx.Share.Repository", "src\framework\toolkit\GodOx.Share.Repository\GodOx.Share.Repository.csproj", "{45F63B87-6595-49F5-86E9-B2B4BFF20B99}"
EndProject
Project("{9A19103F-16F7-4668-BE54-9A1E7A4F7556}") = "GodOx.Cms.API", "src\module\admin\GodOx.Cms.API\GodOx.Cms.API.csproj", "{9D24E64A-27B5-499B-8655-32E22FCEF976}"
EndProject
Project("{9A19103F-16F7-4668-BE54-9A1E7A4F7556}") = "GodOx.Shop.API", "src\module\admin\GodOx.Shop.API\GodOx.Shop.API.csproj", "{83E6893F-3954-4F21-89AE-A1717369FF41}"
EndProject
Project("{9A19103F-16F7-4668-BE54-9A1E7A4F7556}") = "GodOx.Sys.API", "src\module\admin\GodOx.Sys.API\GodOx.Sys.API.csproj", "{BD25BBEC-00D0-4B1A-AF4E-A7E699D71B8B}"
EndProject
Project("{9A19103F-16F7-4668-BE54-9A1E7A4F7556}") = "GodOx.Wechat.API", "src\module\admin\GodOx.Wechat.API\GodOx.Wechat.API.csproj", "{A79DAEE2-3448-40DF-A526-29A0710C63BD}"
EndProject
Project("{9A19103F-16F7-4668-BE54-9A1E7A4F7556}") = "GodOx.Auth.API", "src\module\miniapp\GodOx.Auth.API\GodOx.Auth.API.csproj", "{CA78CE7B-9081-44F3-A5F3-5BE1086BC400}"
EndProject
Project("{9A19103F-16F7-4668-BE54-9A1E7A4F7556}") = "GodOx.Blog.API", "src\module\miniapp\GodOx.Blog.API\GodOx.Blog.API.csproj", "{F789F268-8EBB-42F8-978C-C6CD504F5028}"
EndProject
Project("{9A19103F-16F7-4668-BE54-9A1E7A4F7556}") = "GodOx.Mall.API", "src\module\miniapp\GodOx.Mall.API\GodOx.Mall.API.csproj", "{6B1B664C-A579-48CC-8375-E0751EC494EC}"
EndProject
Global
	GlobalSection(SolutionConfigurationPlatforms) = preSolution
		Debug|Any CPU = Debug|Any CPU
		Release|Any CPU = Release|Any CPU
	EndGlobalSection
	GlobalSection(ProjectConfigurationPlatforms) = postSolution
		{2C11C2B4-EB7E-4BB7-8A5B-3AAA5C2963B9}.Debug|Any CPU.ActiveCfg = Debug|Any CPU
		{2C11C2B4-EB7E-4BB7-8A5B-3AAA5C2963B9}.Debug|Any CPU.Build.0 = Debug|Any CPU
		{2C11C2B4-EB7E-4BB7-8A5B-3AAA5C2963B9}.Release|Any CPU.ActiveCfg = Release|Any CPU
		{2C11C2B4-EB7E-4BB7-8A5B-3AAA5C2963B9}.Release|Any CPU.Build.0 = Release|Any CPU
		{230B7462-CBBB-4157-B3B8-027529FE2F3D}.Debug|Any CPU.ActiveCfg = Debug|Any CPU
		{230B7462-CBBB-4157-B3B8-027529FE2F3D}.Debug|Any CPU.Build.0 = Debug|Any CPU
		{230B7462-CBBB-4157-B3B8-027529FE2F3D}.Release|Any CPU.ActiveCfg = Release|Any CPU
		{230B7462-CBBB-4157-B3B8-027529FE2F3D}.Release|Any CPU.Build.0 = Release|Any CPU
		{E0572FB9-EF6A-4300-8935-8537E22EADB1}.Debug|Any CPU.ActiveCfg = Debug|Any CPU
		{E0572FB9-EF6A-4300-8935-8537E22EADB1}.Debug|Any CPU.Build.0 = Debug|Any CPU
		{E0572FB9-EF6A-4300-8935-8537E22EADB1}.Release|Any CPU.ActiveCfg = Release|Any CPU
		{E0572FB9-EF6A-4300-8935-8537E22EADB1}.Release|Any CPU.Build.0 = Release|Any CPU
		{35381C91-40DF-478F-851D-97060B9E2F63}.Debug|Any CPU.ActiveCfg = Debug|Any CPU
		{35381C91-40DF-478F-851D-97060B9E2F63}.Debug|Any CPU.Build.0 = Debug|Any CPU
		{35381C91-40DF-478F-851D-97060B9E2F63}.Release|Any CPU.ActiveCfg = Release|Any CPU
		{35381C91-40DF-478F-851D-97060B9E2F63}.Release|Any CPU.Build.0 = Release|Any CPU
		{83DACF2F-BC6A-40C1-A94D-745973B7318F}.Debug|Any CPU.ActiveCfg = Debug|Any CPU
		{83DACF2F-BC6A-40C1-A94D-745973B7318F}.Debug|Any CPU.Build.0 = Debug|Any CPU
		{83DACF2F-BC6A-40C1-A94D-745973B7318F}.Release|Any CPU.ActiveCfg = Release|Any CPU
		{83DACF2F-BC6A-40C1-A94D-745973B7318F}.Release|Any CPU.Build.0 = Release|Any CPU
		{8A659442-C7B6-46DC-BC86-2EFDF6E71DF1}.Debug|Any CPU.ActiveCfg = Debug|Any CPU
		{8A659442-C7B6-46DC-BC86-2EFDF6E71DF1}.Debug|Any CPU.Build.0 = Debug|Any CPU
		{8A659442-C7B6-46DC-BC86-2EFDF6E71DF1}.Release|Any CPU.ActiveCfg = Release|Any CPU
		{8A659442-C7B6-46DC-BC86-2EFDF6E71DF1}.Release|Any CPU.Build.0 = Release|Any CPU
		{DCE452C3-7E80-4709-A6B1-A793F2D04272}.Debug|Any CPU.ActiveCfg = Debug|Any CPU
		{DCE452C3-7E80-4709-A6B1-A793F2D04272}.Debug|Any CPU.Build.0 = Debug|Any CPU
		{DCE452C3-7E80-4709-A6B1-A793F2D04272}.Release|Any CPU.ActiveCfg = Release|Any CPU
		{DCE452C3-7E80-4709-A6B1-A793F2D04272}.Release|Any CPU.Build.0 = Release|Any CPU
		{EFD48D5F-41E6-49B5-90A9-2C589458B9E5}.Debug|Any CPU.ActiveCfg = Debug|Any CPU
		{EFD48D5F-41E6-49B5-90A9-2C589458B9E5}.Debug|Any CPU.Build.0 = Debug|Any CPU
		{EFD48D5F-41E6-49B5-90A9-2C589458B9E5}.Release|Any CPU.ActiveCfg = Release|Any CPU
		{EFD48D5F-41E6-49B5-90A9-2C589458B9E5}.Release|Any CPU.Build.0 = Release|Any CPU
		{45F63B87-6595-49F5-86E9-B2B4BFF20B99}.Debug|Any CPU.ActiveCfg = Debug|Any CPU
		{45F63B87-6595-49F5-86E9-B2B4BFF20B99}.Debug|Any CPU.Build.0 = Debug|Any CPU
		{45F63B87-6595-49F5-86E9-B2B4BFF20B99}.Release|Any CPU.ActiveCfg = Release|Any CPU
		{45F63B87-6595-49F5-86E9-B2B4BFF20B99}.Release|Any CPU.Build.0 = Release|Any CPU
		{9D24E64A-27B5-499B-8655-32E22FCEF976}.Debug|Any CPU.ActiveCfg = Debug|Any CPU
		{9D24E64A-27B5-499B-8655-32E22FCEF976}.Debug|Any CPU.Build.0 = Debug|Any CPU
		{9D24E64A-27B5-499B-8655-32E22FCEF976}.Release|Any CPU.ActiveCfg = Release|Any CPU
		{9D24E64A-27B5-499B-8655-32E22FCEF976}.Release|Any CPU.Build.0 = Release|Any CPU
		{83E6893F-3954-4F21-89AE-A1717369FF41}.Debug|Any CPU.ActiveCfg = Debug|Any CPU
		{83E6893F-3954-4F21-89AE-A1717369FF41}.Debug|Any CPU.Build.0 = Debug|Any CPU
		{83E6893F-3954-4F21-89AE-A1717369FF41}.Release|Any CPU.ActiveCfg = Release|Any CPU
		{83E6893F-3954-4F21-89AE-A1717369FF41}.Release|Any CPU.Build.0 = Release|Any CPU
		{BD25BBEC-00D0-4B1A-AF4E-A7E699D71B8B}.Debug|Any CPU.ActiveCfg = Debug|Any CPU
		{BD25BBEC-00D0-4B1A-AF4E-A7E699D71B8B}.Debug|Any CPU.Build.0 = Debug|Any CPU
		{BD25BBEC-00D0-4B1A-AF4E-A7E699D71B8B}.Release|Any CPU.ActiveCfg = Release|Any CPU
		{BD25BBEC-00D0-4B1A-AF4E-A7E699D71B8B}.Release|Any CPU.Build.0 = Release|Any CPU
		{A79DAEE2-3448-40DF-A526-29A0710C63BD}.Debug|Any CPU.ActiveCfg = Debug|Any CPU
		{A79DAEE2-3448-40DF-A526-29A0710C63BD}.Debug|Any CPU.Build.0 = Debug|Any CPU
		{A79DAEE2-3448-40DF-A526-29A0710C63BD}.Release|Any CPU.ActiveCfg = Release|Any CPU
		{A79DAEE2-3448-40DF-A526-29A0710C63BD}.Release|Any CPU.Build.0 = Release|Any CPU
		{CA78CE7B-9081-44F3-A5F3-5BE1086BC400}.Debug|Any CPU.ActiveCfg = Debug|Any CPU
		{CA78CE7B-9081-44F3-A5F3-5BE1086BC400}.Debug|Any CPU.Build.0 = Debug|Any CPU
		{CA78CE7B-9081-44F3-A5F3-5BE1086BC400}.Release|Any CPU.ActiveCfg = Release|Any CPU
		{CA78CE7B-9081-44F3-A5F3-5BE1086BC400}.Release|Any CPU.Build.0 = Release|Any CPU
		{F789F268-8EBB-42F8-978C-C6CD504F5028}.Debug|Any CPU.ActiveCfg = Debug|Any CPU
		{F789F268-8EBB-42F8-978C-C6CD504F5028}.Debug|Any CPU.Build.0 = Debug|Any CPU
		{F789F268-8EBB-42F8-978C-C6CD504F5028}.Release|Any CPU.ActiveCfg = Release|Any CPU
		{F789F268-8EBB-42F8-978C-C6CD504F5028}.Release|Any CPU.Build.0 = Release|Any CPU
		{6B1B664C-A579-48CC-8375-E0751EC494EC}.Debug|Any CPU.ActiveCfg = Debug|Any CPU
		{6B1B664C-A579-48CC-8375-E0751EC494EC}.Debug|Any CPU.Build.0 = Debug|Any CPU
		{6B1B664C-A579-48CC-8375-E0751EC494EC}.Release|Any CPU.ActiveCfg = Release|Any CPU
		{6B1B664C-A579-48CC-8375-E0751EC494EC}.Release|Any CPU.Build.0 = Release|Any CPU
	EndGlobalSection
	GlobalSection(SolutionProperties) = preSolution
		HideSolutionNode = FALSE
	EndGlobalSection
	GlobalSection(NestedProjects) = preSolution
		{D838FB5A-982D-49F1-8CE0-3A1C49C5BF99} = {96F22E21-1AE7-4189-BBCC-C9E1B25E3BE9}
		{1DC9C5B1-B32F-45BE-8CB8-E76BEA3253E3} = {96F22E21-1AE7-4189-BBCC-C9E1B25E3BE9}
		{BAFEFD43-8009-49AD-812E-6750DED4CE59} = {96F22E21-1AE7-4189-BBCC-C9E1B25E3BE9}
		{94E54389-C585-4526-BE85-0FC56C760FD5} = {D838FB5A-982D-49F1-8CE0-3A1C49C5BF99}
		{9A884E7C-26A4-4AC6-9865-2AE361E28C31} = {D838FB5A-982D-49F1-8CE0-3A1C49C5BF99}
		{7906FAC8-85E5-40E4-BCA3-E782A8070F3D} = {BAFEFD43-8009-49AD-812E-6750DED4CE59}
		{8CC66015-D7EC-4DB3-9B5E-5D8A94057EBC} = {BAFEFD43-8009-49AD-812E-6750DED4CE59}
		{2C11C2B4-EB7E-4BB7-8A5B-3AAA5C2963B9} = {1DC9C5B1-B32F-45BE-8CB8-E76BEA3253E3}
		{230B7462-CBBB-4157-B3B8-027529FE2F3D} = {1DC9C5B1-B32F-45BE-8CB8-E76BEA3253E3}
		{E0572FB9-EF6A-4300-8935-8537E22EADB1} = {1DC9C5B1-B32F-45BE-8CB8-E76BEA3253E3}
		{35381C91-40DF-478F-851D-97060B9E2F63} = {9A884E7C-26A4-4AC6-9865-2AE361E28C31}
		{83DACF2F-BC6A-40C1-A94D-745973B7318F} = {94E54389-C585-4526-BE85-0FC56C760FD5}
		{8A659442-C7B6-46DC-BC86-2EFDF6E71DF1} = {94E54389-C585-4526-BE85-0FC56C760FD5}
		{DCE452C3-7E80-4709-A6B1-A793F2D04272} = {94E54389-C585-4526-BE85-0FC56C760FD5}
		{EFD48D5F-41E6-49B5-90A9-2C589458B9E5} = {94E54389-C585-4526-BE85-0FC56C760FD5}
		{45F63B87-6595-49F5-86E9-B2B4BFF20B99} = {94E54389-C585-4526-BE85-0FC56C760FD5}
		{9D24E64A-27B5-499B-8655-32E22FCEF976} = {8CC66015-D7EC-4DB3-9B5E-5D8A94057EBC}
		{83E6893F-3954-4F21-89AE-A1717369FF41} = {8CC66015-D7EC-4DB3-9B5E-5D8A94057EBC}
		{BD25BBEC-00D0-4B1A-AF4E-A7E699D71B8B} = {8CC66015-D7EC-4DB3-9B5E-5D8A94057EBC}
		{A79DAEE2-3448-40DF-A526-29A0710C63BD} = {8CC66015-D7EC-4DB3-9B5E-5D8A94057EBC}
		{CA78CE7B-9081-44F3-A5F3-5BE1086BC400} = {7906FAC8-85E5-40E4-BCA3-E782A8070F3D}
		{F789F268-8EBB-42F8-978C-C6CD504F5028} = {7906FAC8-85E5-40E4-BCA3-E782A8070F3D}
		{6B1B664C-A579-48CC-8375-E0751EC494EC} = {7906FAC8-85E5-40E4-BCA3-E782A8070F3D}
	EndGlobalSection
	GlobalSection(ExtensibilityGlobals) = postSolution
		SolutionGuid = {D888E66E-172A-4435-B12D-57395F104070}
	EndGlobalSection
EndGlobal
